
Microsoft Visual Studio Solution File, Format Version 12.00
# Visual Studio Version 16
VisualStudioVersion = 16.0.29519.181
MinimumVisualStudioVersion = 10.0.40219.1
Project("{9A19103F-16F7-4668-BE54-9A1E7A4F7556}") = "BigBrother.Web", "BigBrother.Web\BigBrother.Web.csproj", "{283F2C23-822D-415C-9299-F8DD22CA0BC9}"
EndProject
Project("{9A19103F-16F7-4668-BE54-9A1E7A4F7556}") = "BigBrother.Domain", "BigBrother.Domain\BigBrother.Domain.csproj", "{8071A7F1-A6E8-4DE3-97EA-6948F70C1530}"
EndProject
Global
	GlobalSection(SolutionConfigurationPlatforms) = preSolution
		Debug|Any CPU = Debug|Any CPU
		Release|Any CPU = Release|Any CPU
	EndGlobalSection
	GlobalSection(ProjectConfigurationPlatforms) = postSolution
		{283F2C23-822D-415C-9299-F8DD22CA0BC9}.Debug|Any CPU.ActiveCfg = Debug|Any CPU
		{283F2C23-822D-415C-9299-F8DD22CA0BC9}.Debug|Any CPU.Build.0 = Debug|Any CPU
		{283F2C23-822D-415C-9299-F8DD22CA0BC9}.Release|Any CPU.ActiveCfg = Release|Any CPU
		{283F2C23-822D-415C-9299-F8DD22CA0BC9}.Release|Any CPU.Build.0 = Release|Any CPU
		{8071A7F1-A6E8-4DE3-97EA-6948F70C1530}.Debug|Any CPU.ActiveCfg = Debug|Any CPU
		{8071A7F1-A6E8-4DE3-97EA-6948F70C1530}.Debug|Any CPU.Build.0 = Debug|Any CPU
		{8071A7F1-A6E8-4DE3-97EA-6948F70C1530}.Release|Any CPU.ActiveCfg = Release|Any CPU
		{8071A7F1-A6E8-4DE3-97EA-6948F70C1530}.Release|Any CPU.Build.0 = Release|Any CPU
	EndGlobalSection
	GlobalSection(SolutionProperties) = preSolution
		HideSolutionNode = FALSE
	EndGlobalSection
	GlobalSection(ExtensibilityGlobals) = postSolution
		SolutionGuid = {19D9FFB8-2147-4C32-B6E9-C3C6CCFEDEDB}
	EndGlobalSection
EndGlobal
